
Microsoft Visual Studio Solution File, Format Version 12.00
# Visual Studio Version 16
VisualStudioVersion = 16.0.31402.337
MinimumVisualStudioVersion = 10.0.40219.1
Project("{8BC9CEB8-8B4A-11D0-8D11-00A0C91BC942}") = "Cuda_Lab_B", "Cuda_Lab_B\Cuda_Lab_B.vcxproj", "{ED02030A-0768-4778-86D5-1043DC9109C8}"
EndProject
Global
	GlobalSection(SolutionConfigurationPlatforms) = preSolution
		Debug|x64 = Debug|x64
		Release|x64 = Release|x64
	EndGlobalSection
	GlobalSection(ProjectConfigurationPlatforms) = postSolution
		{ED02030A-0768-4778-86D5-1043DC9109C8}.Debug|x64.ActiveCfg = Debug|x64
		{ED02030A-0768-4778-86D5-1043DC9109C8}.Debug|x64.Build.0 = Debug|x64
		{ED02030A-0768-4778-86D5-1043DC9109C8}.Release|x64.ActiveCfg = Release|x64
		{ED02030A-0768-4778-86D5-1043DC9109C8}.Release|x64.Build.0 = Release|x64
	EndGlobalSection
	GlobalSection(SolutionProperties) = preSolution
		HideSolutionNode = FALSE
	EndGlobalSection
	GlobalSection(ExtensibilityGlobals) = postSolution
		SolutionGuid = {117862C0-EB3B-48B1-83A8-129F90C9E4ED}
	EndGlobalSection
EndGlobal
