
Microsoft Visual Studio Solution File, Format Version 12.00
# Visual Studio Version 16
VisualStudioVersion = 16.0.31624.102
MinimumVisualStudioVersion = 10.0.40219.1
Project("{8BC9CEB8-8B4A-11D0-8D11-00A0C91BC942}") = "Cuda_Lab_B", "Cuda_Lab_B\Cuda_Lab_B.vcxproj", "{D2B85CE5-EE8F-4270-B9A6-A8B29960719D}"
EndProject
Global
	GlobalSection(SolutionConfigurationPlatforms) = preSolution
		Debug|x64 = Debug|x64
		Release|x64 = Release|x64
	EndGlobalSection
	GlobalSection(ProjectConfigurationPlatforms) = postSolution
		{D2B85CE5-EE8F-4270-B9A6-A8B29960719D}.Debug|x64.ActiveCfg = Debug|x64
		{D2B85CE5-EE8F-4270-B9A6-A8B29960719D}.Debug|x64.Build.0 = Debug|x64
		{D2B85CE5-EE8F-4270-B9A6-A8B29960719D}.Release|x64.ActiveCfg = Release|x64
		{D2B85CE5-EE8F-4270-B9A6-A8B29960719D}.Release|x64.Build.0 = Release|x64
	EndGlobalSection
	GlobalSection(SolutionProperties) = preSolution
		HideSolutionNode = FALSE
	EndGlobalSection
	GlobalSection(ExtensibilityGlobals) = postSolution
		SolutionGuid = {508AEA47-F0B8-4FE9-A67E-1A4DA5AE2EC5}
	EndGlobalSection
EndGlobal
