
Microsoft Visual Studio Solution File, Format Version 12.00
# Visual Studio Version 16
VisualStudioVersion = 16.0.31624.102
MinimumVisualStudioVersion = 10.0.40219.1
Project("{8BC9CEB8-8B4A-11D0-8D11-00A0C91BC942}") = "OpenGl-Cuda program Based", "OpenGl-Cuda program Based\OpenGl-Cuda program Based.vcxproj", "{BA9C9850-F7CB-4836-8010-98688D81235F}"
EndProject
Global
	GlobalSection(SolutionConfigurationPlatforms) = preSolution
		Debug|x64 = Debug|x64
		Release|x64 = Release|x64
	EndGlobalSection
	GlobalSection(ProjectConfigurationPlatforms) = postSolution
		{BA9C9850-F7CB-4836-8010-98688D81235F}.Debug|x64.ActiveCfg = Debug|x64
		{BA9C9850-F7CB-4836-8010-98688D81235F}.Debug|x64.Build.0 = Debug|x64
		{BA9C9850-F7CB-4836-8010-98688D81235F}.Release|x64.ActiveCfg = Release|x64
		{BA9C9850-F7CB-4836-8010-98688D81235F}.Release|x64.Build.0 = Release|x64
	EndGlobalSection
	GlobalSection(SolutionProperties) = preSolution
		HideSolutionNode = FALSE
	EndGlobalSection
	GlobalSection(ExtensibilityGlobals) = postSolution
		SolutionGuid = {FEF5489D-BFD5-482A-93DA-0A4E13D8EDCF}
	EndGlobalSection
EndGlobal
